
Microsoft Visual Studio Solution File, Format Version 12.00
# Visual Studio 2013
VisualStudioVersion = 12.0.30501.0
MinimumVisualStudioVersion = 10.0.40219.1
Project("{FAE04EC0-301F-11D3-BF4B-00C04F79EFBC}") = "Oef1", "Oef1\Oef1.csproj", "{DD649AC8-F439-4F97-BFB2-362D49964149}"
EndProject
Project("{FAE04EC0-301F-11D3-BF4B-00C04F79EFBC}") = "Oef2", "Oef2\Oef2.csproj", "{2DCC0458-1617-46A3-8873-DD926AADF4E2}"
EndProject
Project("{2150E333-8FDC-42A3-9474-1A3956D46DE8}") = "Solution Items", "Solution Items", "{AFC7D246-12C4-4B83-AFD9-6554E2CE5564}"
	ProjectSection(SolutionItems) = preProject
		..\..\..\..\..\Dropbox\School\TI\Toegepaste Informatica\2de Bach\Microsoft Webstack\We\We1.pdf = ..\..\..\..\..\Dropbox\School\TI\Toegepaste Informatica\2de Bach\Microsoft Webstack\We\We1.pdf
	EndProjectSection
EndProject
Project("{FAE04EC0-301F-11D3-BF4B-00C04F79EFBC}") = "Oef3", "Oef3\Oef3.csproj", "{A7428EA1-8BC0-4A6C-9CBC-1BBF91206F41}"
EndProject
Global
	GlobalSection(SolutionConfigurationPlatforms) = preSolution
		Debug|Any CPU = Debug|Any CPU
		Release|Any CPU = Release|Any CPU
	EndGlobalSection
	GlobalSection(ProjectConfigurationPlatforms) = postSolution
		{DD649AC8-F439-4F97-BFB2-362D49964149}.Debug|Any CPU.ActiveCfg = Debug|Any CPU
		{DD649AC8-F439-4F97-BFB2-362D49964149}.Debug|Any CPU.Build.0 = Debug|Any CPU
		{DD649AC8-F439-4F97-BFB2-362D49964149}.Release|Any CPU.ActiveCfg = Release|Any CPU
		{DD649AC8-F439-4F97-BFB2-362D49964149}.Release|Any CPU.Build.0 = Release|Any CPU
		{2DCC0458-1617-46A3-8873-DD926AADF4E2}.Debug|Any CPU.ActiveCfg = Debug|Any CPU
		{2DCC0458-1617-46A3-8873-DD926AADF4E2}.Debug|Any CPU.Build.0 = Debug|Any CPU
		{2DCC0458-1617-46A3-8873-DD926AADF4E2}.Release|Any CPU.ActiveCfg = Release|Any CPU
		{2DCC0458-1617-46A3-8873-DD926AADF4E2}.Release|Any CPU.Build.0 = Release|Any CPU
		{A7428EA1-8BC0-4A6C-9CBC-1BBF91206F41}.Debug|Any CPU.ActiveCfg = Debug|Any CPU
		{A7428EA1-8BC0-4A6C-9CBC-1BBF91206F41}.Debug|Any CPU.Build.0 = Debug|Any CPU
		{A7428EA1-8BC0-4A6C-9CBC-1BBF91206F41}.Release|Any CPU.ActiveCfg = Release|Any CPU
		{A7428EA1-8BC0-4A6C-9CBC-1BBF91206F41}.Release|Any CPU.Build.0 = Release|Any CPU
	EndGlobalSection
	GlobalSection(SolutionProperties) = preSolution
		HideSolutionNode = FALSE
	EndGlobalSection
EndGlobal
